
Microsoft Visual Studio Solution File, Format Version 12.00
# Visual Studio Version 17
VisualStudioVersion = 17.3.32929.385
MinimumVisualStudioVersion = 10.0.40219.1
Project("{FAE04EC0-301F-11D3-BF4B-00C04F79EFBC}") = "VansahSeleniumCSharpDemo", "VansahSeleniumCSharpDemo.csproj", "{A88FE491-040C-4C00-B6D2-7DF30C210430}"
EndProject
Global
	GlobalSection(SolutionConfigurationPlatforms) = preSolution
		Debug|Any CPU = Debug|Any CPU
		Release|Any CPU = Release|Any CPU
	EndGlobalSection
	GlobalSection(ProjectConfigurationPlatforms) = postSolution
		{A88FE491-040C-4C00-B6D2-7DF30C210430}.Debug|Any CPU.ActiveCfg = Debug|Any CPU
		{A88FE491-040C-4C00-B6D2-7DF30C210430}.Debug|Any CPU.Build.0 = Debug|Any CPU
		{A88FE491-040C-4C00-B6D2-7DF30C210430}.Release|Any CPU.ActiveCfg = Release|Any CPU
		{A88FE491-040C-4C00-B6D2-7DF30C210430}.Release|Any CPU.Build.0 = Release|Any CPU
	EndGlobalSection
	GlobalSection(SolutionProperties) = preSolution
		HideSolutionNode = FALSE
	EndGlobalSection
	GlobalSection(ExtensibilityGlobals) = postSolution
		SolutionGuid = {0607BAEC-86A7-4818-9482-3E585170AECB}
	EndGlobalSection
EndGlobal
